// !$*UTF8*$!
{
	archiveVersion = 1;
	classes = {
	};
	objectVersion = 46;
	objects = {

/* Begin PBXBuildFile section */
		A2BD9D1A1B88B46C00709D7E /* webrtc_xmpp_demoTests.m in Sources */ = {isa = PBXBuildFile; fileRef = A2BD9D191B88B46C00709D7E /* webrtc_xmpp_demoTests.m */; };
		A2BD9D321B88BFD600709D7E /* Images.xcassets in Resources */ = {isa = PBXBuildFile; fileRef = A2BD9D2E1B88BFD600709D7E /* Images.xcassets */; };
		A2BD9D341B88BFD600709D7E /* main.m in Sources */ = {isa = PBXBuildFile; fileRef = A2BD9D311B88BFD600709D7E /* main.m */; };
		A2BD9D4A1B88C09100709D7E /* XYAppDelegate.m in Sources */ = {isa = PBXBuildFile; fileRef = A2BD9D491B88C09100709D7E /* XYAppDelegate.m */; };
/* End PBXBuildFile section */

/* Begin PBXContainerItemProxy section */
		A2BD9D141B88B46C00709D7E /* PBXContainerItemProxy */ = {
			isa = PBXContainerItemProxy;
			containerPortal = A2BD9CF21B88B46C00709D7E /* Project object */;
			proxyType = 1;
			remoteGlobalIDString = A2BD9CF91B88B46C00709D7E;
			remoteInfo = "webrtc-xmpp-demo";
		};
/* End PBXContainerItemProxy section */

/* Begin PBXFileReference section */
		A2BD9CFA1B88B46C00709D7E /* webrtc-xmpp-demo.app */ = {isa = PBXFileReference; explicitFileType = wrapper.application; includeInIndex = 0; path = "webrtc-xmpp-demo.app"; sourceTree = BUILT_PRODUCTS_DIR; };
		A2BD9D131B88B46C00709D7E /* webrtc-xmpp-demoTests.xctest */ = {isa = PBXFileReference; explicitFileType = wrapper.cfbundle; includeInIndex = 0; path = "webrtc-xmpp-demoTests.xctest"; sourceTree = BUILT_PRODUCTS_DIR; };
		A2BD9D181B88B46C00709D7E /* Info.plist */ = {isa = PBXFileReference; lastKnownFileType = text.plist.xml; path = Info.plist; sourceTree = "<group>"; };
		A2BD9D191B88B46C00709D7E /* webrtc_xmpp_demoTests.m */ = {isa = PBXFileReference; lastKnownFileType = sourcecode.c.objc; path = webrtc_xmpp_demoTests.m; sourceTree = "<group>"; };
		A2BD9D2E1B88BFD600709D7E /* Images.xcassets */ = {isa = PBXFileReference; lastKnownFileType = folder.assetcatalog; path = Images.xcassets; sourceTree = "<group>"; };
		A2BD9D301B88BFD600709D7E /* Info.plist */ = {isa = PBXFileReference; fileEncoding = 4; lastKnownFileType = text.plist.xml; path = Info.plist; sourceTree = "<group>"; };
		A2BD9D311B88BFD600709D7E /* main.m */ = {isa = PBXFileReference; fileEncoding = 4; lastKnownFileType = sourcecode.c.objc; path = main.m; sourceTree = "<group>"; };
		A2BD9D481B88C09100709D7E /* XYAppDelegate.h */ = {isa = PBXFileReference; fileEncoding = 4; lastKnownFileType = sourcecode.c.h; path = XYAppDelegate.h; sourceTree = "<group>"; };
		A2BD9D491B88C09100709D7E /* XYAppDelegate.m */ = {isa = PBXFileReference; fileEncoding = 4; lastKnownFileType = sourcecode.c.objc; path = XYAppDelegate.m; sourceTree = "<group>"; };
/* End PBXFileReference section */

/* Begin PBXFrameworksBuildPhase section */
		A2BD9CF71B88B46C00709D7E /* Frameworks */ = {
			isa = PBXFrameworksBuildPhase;
			buildActionMask = 2147483647;
			files = (
			);
			runOnlyForDeploymentPostprocessing = 0;
		};
		A2BD9D101B88B46C00709D7E /* Frameworks */ = {
			isa = PBXFrameworksBuildPhase;
			buildActionMask = 2147483647;
			files = (
			);
			runOnlyForDeploymentPostprocessing = 0;
		};
/* End PBXFrameworksBuildPhase section */

/* Begin PBXGroup section */
		A2BD9CF11B88B46C00709D7E = {
			isa = PBXGroup;
			children = (
				A2BD9D351B88C00000709D7E /* webrtc-xmpp-demo */,
				A2BD9D161B88B46C00709D7E /* webrtc-xmpp-demoTests */,
				A2BD9CFB1B88B46C00709D7E /* Products */,
			);
			sourceTree = "<group>";
		};
		A2BD9CFB1B88B46C00709D7E /* Products */ = {
			isa = PBXGroup;
			children = (
				A2BD9CFA1B88B46C00709D7E /* webrtc-xmpp-demo.app */,
				A2BD9D131B88B46C00709D7E /* webrtc-xmpp-demoTests.xctest */,
			);
			name = Products;
			sourceTree = "<group>";
		};
		A2BD9D161B88B46C00709D7E /* webrtc-xmpp-demoTests */ = {
			isa = PBXGroup;
			children = (
				A2BD9D191B88B46C00709D7E /* webrtc_xmpp_demoTests.m */,
				A2BD9D171B88B46C00709D7E /* Supporting Files */,
			);
			path = "webrtc-xmpp-demoTests";
			sourceTree = "<group>";
		};
		A2BD9D171B88B46C00709D7E /* Supporting Files */ = {
			isa = PBXGroup;
			children = (
				A2BD9D181B88B46C00709D7E /* Info.plist */,
			);
			name = "Supporting Files";
			sourceTree = "<group>";
		};
		A2BD9D231B88BFD600709D7E /* Classes */ = {
			isa = PBXGroup;
			children = (
				A2BD9D241B88BFD600709D7E /* Application */,
				A2BD9D251B88BFD600709D7E /* Controllers */,
				A2BD9D261B88BFD600709D7E /* Managers */,
				A2BD9D271B88BFD600709D7E /* Models */,
				A2BD9D281B88BFD600709D7E /* Network */,
				A2BD9D291B88BFD600709D7E /* Persistence */,
				A2BD9D2A1B88BFD600709D7E /* Support */,
				A2BD9D2B1B88BFD600709D7E /* Views */,
			);
			path = Classes;
			sourceTree = "<group>";
		};
		A2BD9D241B88BFD600709D7E /* Application */ = {
			isa = PBXGroup;
			children = (
				A2BD9D481B88C09100709D7E /* XYAppDelegate.h */,
				A2BD9D491B88C09100709D7E /* XYAppDelegate.m */,
			);
			path = Application;
			sourceTree = "<group>";
		};
		A2BD9D251B88BFD600709D7E /* Controllers */ = {
			isa = PBXGroup;
			children = (
				A2BD9D4B1B88C2A800709D7E /* Base */,
				A2BD9D4C1B88C2A800709D7E /* LoginAndRegist */,
			);
			path = Controllers;
			sourceTree = "<group>";
		};
		A2BD9D261B88BFD600709D7E /* Managers */ = {
			isa = PBXGroup;
			children = (
			);
			path = Managers;
			sourceTree = "<group>";
		};
		A2BD9D271B88BFD600709D7E /* Models */ = {
			isa = PBXGroup;
			children = (
			);
			path = Models;
			sourceTree = "<group>";
		};
		A2BD9D281B88BFD600709D7E /* Network */ = {
			isa = PBXGroup;
			children = (
			);
			path = Network;
			sourceTree = "<group>";
		};
		A2BD9D291B88BFD600709D7E /* Persistence */ = {
			isa = PBXGroup;
			children = (
			);
			path = Persistence;
			sourceTree = "<group>";
		};
		A2BD9D2A1B88BFD600709D7E /* Support */ = {
			isa = PBXGroup;
			children = (
			);
			path = Support;
			sourceTree = "<group>";
		};
		A2BD9D2B1B88BFD600709D7E /* Views */ = {
			isa = PBXGroup;
			children = (
			);
			path = Views;
			sourceTree = "<group>";
		};
		A2BD9D2C1B88BFD600709D7E /* Libraries */ = {
			isa = PBXGroup;
			children = (
			);
			path = Libraries;
			sourceTree = "<group>";
		};
		A2BD9D2D1B88BFD600709D7E /* Resources */ = {
			isa = PBXGroup;
			children = (
				A2BD9D2E1B88BFD600709D7E /* Images.xcassets */,
			);
			path = Resources;
			sourceTree = "<group>";
		};
		A2BD9D2F1B88BFD600709D7E /* SupportingFiles */ = {
			isa = PBXGroup;
			children = (
				A2BD9D301B88BFD600709D7E /* Info.plist */,
				A2BD9D311B88BFD600709D7E /* main.m */,
			);
			path = SupportingFiles;
			sourceTree = "<group>";
		};
		A2BD9D351B88C00000709D7E /* webrtc-xmpp-demo */ = {
			isa = PBXGroup;
			children = (
				A2BD9D231B88BFD600709D7E /* Classes */,
				A2BD9D2C1B88BFD600709D7E /* Libraries */,
				A2BD9D2D1B88BFD600709D7E /* Resources */,
				A2BD9D2F1B88BFD600709D7E /* SupportingFiles */,
			);
			path = "webrtc-xmpp-demo";
			sourceTree = "<group>";
		};
		A2BD9D4B1B88C2A800709D7E /* Base */ = {
			isa = PBXGroup;
			children = (
			);
			path = Base;
			sourceTree = "<group>";
		};
		A2BD9D4C1B88C2A800709D7E /* LoginAndRegist */ = {
			isa = PBXGroup;
			children = (
			);
			path = LoginAndRegist;
			sourceTree = "<group>";
		};
/* End PBXGroup section */

/* Begin PBXNativeTarget section */
		A2BD9CF91B88B46C00709D7E /* webrtc-xmpp-demo */ = {
			isa = PBXNativeTarget;
			buildConfigurationList = A2BD9D1D1B88B46C00709D7E /* Build configuration list for PBXNativeTarget "webrtc-xmpp-demo" */;
			buildPhases = (
				A2BD9CF61B88B46C00709D7E /* Sources */,
				A2BD9CF71B88B46C00709D7E /* Frameworks */,
				A2BD9CF81B88B46C00709D7E /* Resources */,
			);
			buildRules = (
			);
			dependencies = (
			);
			name = "webrtc-xmpp-demo";
			productName = "webrtc-xmpp-demo";
			productReference = A2BD9CFA1B88B46C00709D7E /* webrtc-xmpp-demo.app */;
			productType = "com.apple.product-type.application";
		};
		A2BD9D121B88B46C00709D7E /* webrtc-xmpp-demoTests */ = {
			isa = PBXNativeTarget;
			buildConfigurationList = A2BD9D201B88B46C00709D7E /* Build configuration list for PBXNativeTarget "webrtc-xmpp-demoTests" */;
			buildPhases = (
				A2BD9D0F1B88B46C00709D7E /* Sources */,
				A2BD9D101B88B46C00709D7E /* Frameworks */,
				A2BD9D111B88B46C00709D7E /* Resources */,
			);
			buildRules = (
			);
			dependencies = (
				A2BD9D151B88B46C00709D7E /* PBXTargetDependency */,
			);
			name = "webrtc-xmpp-demoTests";
			productName = "webrtc-xmpp-demoTests";
			productReference = A2BD9D131B88B46C00709D7E /* webrtc-xmpp-demoTests.xctest */;
			productType = "com.apple.product-type.bundle.unit-test";
		};
/* End PBXNativeTarget section */

/* Begin PBXProject section */
		A2BD9CF21B88B46C00709D7E /* Project object */ = {
			isa = PBXProject;
			attributes = {
				LastUpgradeCheck = 0630;
				ORGANIZATIONNAME = RussellY;
				TargetAttributes = {
					A2BD9CF91B88B46C00709D7E = {
						CreatedOnToolsVersion = 6.3.1;
					};
					A2BD9D121B88B46C00709D7E = {
						CreatedOnToolsVersion = 6.3.1;
						TestTargetID = A2BD9CF91B88B46C00709D7E;
					};
				};
			};
			buildConfigurationList = A2BD9CF51B88B46C00709D7E /* Build configuration list for PBXProject "webrtc-xmpp-demo" */;
			compatibilityVersion = "Xcode 3.2";
			developmentRegion = English;
			hasScannedForEncodings = 0;
			knownRegions = (
				en,
				Base,
			);
			mainGroup = A2BD9CF11B88B46C00709D7E;
			productRefGroup = A2BD9CFB1B88B46C00709D7E /* Products */;
			projectDirPath = "";
			projectRoot = "";
			targets = (
				A2BD9CF91B88B46C00709D7E /* webrtc-xmpp-demo */,
				A2BD9D121B88B46C00709D7E /* webrtc-xmpp-demoTests */,
			);
		};
/* End PBXProject section */

/* Begin PBXResourcesBuildPhase section */
		A2BD9CF81B88B46C00709D7E /* Resources */ = {
			isa = PBXResourcesBuildPhase;
			buildActionMask = 2147483647;
			files = (
				A2BD9D321B88BFD600709D7E /* Images.xcassets in Resources */,
			);
			runOnlyForDeploymentPostprocessing = 0;
		};
		A2BD9D111B88B46C00709D7E /* Resources */ = {
			isa = PBXResourcesBuildPhase;
			buildActionMask = 2147483647;
			files = (
			);
			runOnlyForDeploymentPostprocessing = 0;
		};
/* End PBXResourcesBuildPhase section */

/* Begin PBXSourcesBuildPhase section */
		A2BD9CF61B88B46C00709D7E /* Sources */ = {
			isa = PBXSourcesBuildPhase;
			buildActionMask = 2147483647;
			files = (
				A2BD9D341B88BFD600709D7E /* main.m in Sources */,
				A2BD9D4A1B88C09100709D7E /* XYAppDelegate.m in Sources */,
			);
			runOnlyForDeploymentPostprocessing = 0;
		};
		A2BD9D0F1B88B46C00709D7E /* Sources */ = {
			isa = PBXSourcesBuildPhase;
			buildActionMask = 2147483647;
			files = (
				A2BD9D1A1B88B46C00709D7E /* webrtc_xmpp_demoTests.m in Sources */,
			);
			runOnlyForDeploymentPostprocessing = 0;
		};
/* End PBXSourcesBuildPhase section */

/* Begin PBXTargetDependency section */
		A2BD9D151B88B46C00709D7E /* PBXTargetDependency */ = {
			isa = PBXTargetDependency;
			target = A2BD9CF91B88B46C00709D7E /* webrtc-xmpp-demo */;
			targetProxy = A2BD9D141B88B46C00709D7E /* PBXContainerItemProxy */;
		};
/* End PBXTargetDependency section */

/* Begin XCBuildConfiguration section */
		A2BD9D1B1B88B46C00709D7E /* Debug */ = {
			isa = XCBuildConfiguration;
			buildSettings = {
				ALWAYS_SEARCH_USER_PATHS = NO;
				CLANG_CXX_LANGUAGE_STANDARD = "gnu++0x";
				CLANG_CXX_LIBRARY = "libc++";
				CLANG_ENABLE_MODULES = YES;
				CLANG_ENABLE_OBJC_ARC = YES;
				CLANG_WARN_BOOL_CONVERSION = YES;
				CLANG_WARN_CONSTANT_CONVERSION = YES;
				CLANG_WARN_DIRECT_OBJC_ISA_USAGE = YES_ERROR;
				CLANG_WARN_EMPTY_BODY = YES;
				CLANG_WARN_ENUM_CONVERSION = YES;
				CLANG_WARN_INT_CONVERSION = YES;
				CLANG_WARN_OBJC_ROOT_CLASS = YES_ERROR;
				CLANG_WARN_UNREACHABLE_CODE = YES;
				CLANG_WARN__DUPLICATE_METHOD_MATCH = YES;
				"CODE_SIGN_IDENTITY[sdk=iphoneos*]" = "iPhone Developer";
				COPY_PHASE_STRIP = NO;
				DEBUG_INFORMATION_FORMAT = "dwarf-with-dsym";
				ENABLE_STRICT_OBJC_MSGSEND = YES;
				GCC_C_LANGUAGE_STANDARD = gnu99;
				GCC_DYNAMIC_NO_PIC = NO;
				GCC_NO_COMMON_BLOCKS = YES;
				GCC_OPTIMIZATION_LEVEL = 0;
				GCC_PREPROCESSOR_DEFINITIONS = (
					"DEBUG=1",
					"$(inherited)",
				);
				GCC_SYMBOLS_PRIVATE_EXTERN = NO;
				GCC_WARN_64_TO_32_BIT_CONVERSION = YES;
				GCC_WARN_ABOUT_RETURN_TYPE = YES_ERROR;
				GCC_WARN_UNDECLARED_SELECTOR = YES;
				GCC_WARN_UNINITIALIZED_AUTOS = YES_AGGRESSIVE;
				GCC_WARN_UNUSED_FUNCTION = YES;
				GCC_WARN_UNUSED_VARIABLE = YES;
				IPHONEOS_DEPLOYMENT_TARGET = 8.3;
				MTL_ENABLE_DEBUG_INFO = YES;
				ONLY_ACTIVE_ARCH = YES;
				SDKROOT = iphoneos;
			};
			name = Debug;
		};
		A2BD9D1C1B88B46C00709D7E /* Release */ = {
			isa = XCBuildConfiguration;
			buildSettings = {
				ALWAYS_SEARCH_USER_PATHS = NO;
				CLANG_CXX_LANGUAGE_STANDARD = "gnu++0x";
				CLANG_CXX_LIBRARY = "libc++";
				CLANG_ENABLE_MODULES = YES;
				CLANG_ENABLE_OBJC_ARC = YES;
				CLANG_WARN_BOOL_CONVERSION = YES;
				CLANG_WARN_CONSTANT_CONVERSION = YES;
				CLANG_WARN_DIRECT_OBJC_ISA_USAGE = YES_ERROR;
				CLANG_WARN_EMPTY_BODY = YES;
				CLANG_WARN_ENUM_CONVERSION = YES;
				CLANG_WARN_INT_CONVERSION = YES;
				CLANG_WARN_OBJC_ROOT_CLASS = YES_ERROR;
				CLANG_WARN_UNREACHABLE_CODE = YES;
				CLANG_WARN__DUPLICATE_METHOD_MATCH = YES;
				"CODE_SIGN_IDENTITY[sdk=iphoneos*]" = "iPhone Developer";
				COPY_PHASE_STRIP = NO;
				DEBUG_INFORMATION_FORMAT = "dwarf-with-dsym";
				ENABLE_NS_ASSERTIONS = NO;
				ENABLE_STRICT_OBJC_MSGSEND = YES;
				GCC_C_LANGUAGE_STANDARD = gnu99;
				GCC_NO_COMMON_BLOCKS = YES;
				GCC_WARN_64_TO_32_BIT_CONVERSION = YES;
				GCC_WARN_ABOUT_RETURN_TYPE = YES_ERROR;
				GCC_WARN_UNDECLARED_SELECTOR = YES;
				GCC_WARN_UNINITIALIZED_AUTOS = YES_AGGRESSIVE;
				GCC_WARN_UNUSED_FUNCTION = YES;
				GCC_WARN_UNUSED_VARIABLE = YES;
				IPHONEOS_DEPLOYMENT_TARGET = 8.3;
				MTL_ENABLE_DEBUG_INFO = NO;
				SDKROOT = iphoneos;
				VALIDATE_PRODUCT = YES;
			};
			name = Release;
		};
		A2BD9D1E1B88B46C00709D7E /* Debug */ = {
			isa = XCBuildConfiguration;
			buildSettings = {
				ASSETCATALOG_COMPILER_APPICON_NAME = AppIcon;
				INFOPLIST_FILE = "$(SRCROOT)/webrtc-xmpp-demo/SupportingFiles/Info.plist";
				LD_RUNPATH_SEARCH_PATHS = "$(inherited) @executable_path/Frameworks";
				PRODUCT_NAME = "$(TARGET_NAME)";
			};
			name = Debug;
		};
		A2BD9D1F1B88B46C00709D7E /* Release */ = {
			isa = XCBuildConfiguration;
			buildSettings = {
				ASSETCATALOG_COMPILER_APPICON_NAME = AppIcon;
				INFOPLIST_FILE = "$(SRCROOT)/webrtc-xmpp-demo/SupportingFiles/Info.plist";
				LD_RUNPATH_SEARCH_PATHS = "$(inherited) @executable_path/Frameworks";
				PRODUCT_NAME = "$(TARGET_NAME)";
			};
			name = Release;
		};
		A2BD9D211B88B46C00709D7E /* Debug */ = {
			isa = XCBuildConfiguration;
			buildSettings = {
				BUNDLE_LOADER = "$(TEST_HOST)";
				FRAMEWORK_SEARCH_PATHS = (
					"$(SDKROOT)/Developer/Library/Frameworks",
					"$(inherited)",
				);
				GCC_PREPROCESSOR_DEFINITIONS = (
					"DEBUG=1",
					"$(inherited)",
				);
				INFOPLIST_FILE = "webrtc-xmpp-demoTests/Info.plist";
				LD_RUNPATH_SEARCH_PATHS = "$(inherited) @executable_path/Frameworks @loader_path/Frameworks";
				PRODUCT_NAME = "$(TARGET_NAME)";
				TEST_HOST = "$(BUILT_PRODUCTS_DIR)/webrtc-xmpp-demo.app/webrtc-xmpp-demo";
			};
			name = Debug;
		};
		A2BD9D221B88B46C00709D7E /* Release */ = {
			isa = XCBuildConfiguration;
			buildSettings = {
				BUNDLE_LOADER = "$(TEST_HOST)";
				FRAMEWORK_SEARCH_PATHS = (
					"$(SDKROOT)/Developer/Library/Frameworks",
					"$(inherited)",
				);
				INFOPLIST_FILE = "webrtc-xmpp-demoTests/Info.plist";
				LD_RUNPATH_SEARCH_PATHS = "$(inherited) @executable_path/Frameworks @loader_path/Frameworks";
				PRODUCT_NAME = "$(TARGET_NAME)";
				TEST_HOST = "$(BUILT_PRODUCTS_DIR)/webrtc-xmpp-demo.app/webrtc-xmpp-demo";
			};
			name = Release;
		};
/* End XCBuildConfiguration section */

/* Begin XCConfigurationList section */
		A2BD9CF51B88B46C00709D7E /* Build configuration list for PBXProject "webrtc-xmpp-demo" */ = {
			isa = XCConfigurationList;
			buildConfigurations = (
				A2BD9D1B1B88B46C00709D7E /* Debug */,
				A2BD9D1C1B88B46C00709D7E /* Release */,
			);
			defaultConfigurationIsVisible = 0;
			defaultConfigurationName = Release;
		};
		A2BD9D1D1B88B46C00709D7E /* Build configuration list for PBXNativeTarget "webrtc-xmpp-demo" */ = {
			isa = XCConfigurationList;
			buildConfigurations = (
				A2BD9D1E1B88B46C00709D7E /* Debug */,
				A2BD9D1F1B88B46C00709D7E /* Release */,
			);
			defaultConfigurationIsVisible = 0;
			defaultConfigurationName = Release;
		};
		A2BD9D201B88B46C00709D7E /* Build configuration list for PBXNativeTarget "webrtc-xmpp-demoTests" */ = {
			isa = XCConfigurationList;
			buildConfigurations = (
				A2BD9D211B88B46C00709D7E /* Debug */,
				A2BD9D221B88B46C00709D7E /* Release */,
			);
			defaultConfigurationIsVisible = 0;
			defaultConfigurationName = Release;
		};
/* End XCConfigurationList section */
	};
	rootObject = A2BD9CF21B88B46C00709D7E /* Project object */;
}
